
Microsoft Visual Studio Solution File, Format Version 12.00
# Visual Studio Version 17
VisualStudioVersion = 17.2.32516.85
MinimumVisualStudioVersion = 10.0.40219.1
Project("{FAE04EC0-301F-11D3-BF4B-00C04F79EFBC}") = "logicfile", "logicfile\logicfile.csproj", "{CAA2E866-03BB-4ABB-BAC5-8F2BD75F545A}"
EndProject
Global
	GlobalSection(SolutionConfigurationPlatforms) = preSolution
		Debug|Any CPU = Debug|Any CPU
		Release|Any CPU = Release|Any CPU
	EndGlobalSection
	GlobalSection(ProjectConfigurationPlatforms) = postSolution
		{CAA2E866-03BB-4ABB-BAC5-8F2BD75F545A}.Debug|Any CPU.ActiveCfg = Debug|Any CPU
		{CAA2E866-03BB-4ABB-BAC5-8F2BD75F545A}.Debug|Any CPU.Build.0 = Debug|Any CPU
		{CAA2E866-03BB-4ABB-BAC5-8F2BD75F545A}.Release|Any CPU.ActiveCfg = Release|Any CPU
		{CAA2E866-03BB-4ABB-BAC5-8F2BD75F545A}.Release|Any CPU.Build.0 = Release|Any CPU
	EndGlobalSection
	GlobalSection(SolutionProperties) = preSolution
		HideSolutionNode = FALSE
	EndGlobalSection
	GlobalSection(ExtensibilityGlobals) = postSolution
		SolutionGuid = {659B924C-9BCA-40B5-B564-151D9ADE14FD}
	EndGlobalSection
EndGlobal
